
Microsoft Visual Studio Solution File, Format Version 12.00
# Visual Studio Version 16
VisualStudioVersion = 16.0.31729.503
MinimumVisualStudioVersion = 10.0.40219.1
Project("{9A19103F-16F7-4668-BE54-9A1E7A4F7556}") = "Hahn.ApplicatonProcess.July2021.Data", "Hahn.ApplicatonProcess.July2021.Data\Hahn.ApplicatonProcess.July2021.Data.csproj", "{AD98BC9E-13EB-46DA-AAA3-61EBE66AE33A}"
EndProject
Project("{9A19103F-16F7-4668-BE54-9A1E7A4F7556}") = "Hahn.ApplicatonProcess.July2021.Domain", "Hahn.ApplicatonProcess.July2021.Domain\Hahn.ApplicatonProcess.July2021.Domain.csproj", "{39724EBE-F51A-4429-912E-07CCE40AA747}"
EndProject
Project("{9A19103F-16F7-4668-BE54-9A1E7A4F7556}") = "Hahn.ApplicatonProcess.July2021.WebAPI", "Hahn.ApplicatonProcess.July2021.WebAPI\Hahn.ApplicatonProcess.July2021.WebAPI.csproj", "{E35AA48B-CF68-421D-8E28-F72FB95607B6}"
EndProject
Project("{FAE04EC0-301F-11D3-BF4B-00C04F79EFBC}") = "Hahn.ApplicatonProcess.July2021.Web", "Hahn.ApplicatonProcess.July2021.Web\Hahn.ApplicatonProcess.July2021.Web.csproj", "{679EF57C-8C20-4097-A757-A6EC6049E932}"
EndProject
Global
	GlobalSection(SolutionConfigurationPlatforms) = preSolution
		Debug|Any CPU = Debug|Any CPU
		Release|Any CPU = Release|Any CPU
	EndGlobalSection
	GlobalSection(ProjectConfigurationPlatforms) = postSolution
		{AD98BC9E-13EB-46DA-AAA3-61EBE66AE33A}.Debug|Any CPU.ActiveCfg = Debug|Any CPU
		{AD98BC9E-13EB-46DA-AAA3-61EBE66AE33A}.Debug|Any CPU.Build.0 = Debug|Any CPU
		{AD98BC9E-13EB-46DA-AAA3-61EBE66AE33A}.Release|Any CPU.ActiveCfg = Release|Any CPU
		{AD98BC9E-13EB-46DA-AAA3-61EBE66AE33A}.Release|Any CPU.Build.0 = Release|Any CPU
		{39724EBE-F51A-4429-912E-07CCE40AA747}.Debug|Any CPU.ActiveCfg = Debug|Any CPU
		{39724EBE-F51A-4429-912E-07CCE40AA747}.Debug|Any CPU.Build.0 = Debug|Any CPU
		{39724EBE-F51A-4429-912E-07CCE40AA747}.Release|Any CPU.ActiveCfg = Release|Any CPU
		{39724EBE-F51A-4429-912E-07CCE40AA747}.Release|Any CPU.Build.0 = Release|Any CPU
		{E35AA48B-CF68-421D-8E28-F72FB95607B6}.Debug|Any CPU.ActiveCfg = Debug|Any CPU
		{E35AA48B-CF68-421D-8E28-F72FB95607B6}.Debug|Any CPU.Build.0 = Debug|Any CPU
		{E35AA48B-CF68-421D-8E28-F72FB95607B6}.Release|Any CPU.ActiveCfg = Release|Any CPU
		{E35AA48B-CF68-421D-8E28-F72FB95607B6}.Release|Any CPU.Build.0 = Release|Any CPU
		{679EF57C-8C20-4097-A757-A6EC6049E932}.Debug|Any CPU.ActiveCfg = Debug|Any CPU
		{679EF57C-8C20-4097-A757-A6EC6049E932}.Debug|Any CPU.Build.0 = Debug|Any CPU
		{679EF57C-8C20-4097-A757-A6EC6049E932}.Release|Any CPU.ActiveCfg = Release|Any CPU
		{679EF57C-8C20-4097-A757-A6EC6049E932}.Release|Any CPU.Build.0 = Release|Any CPU
	EndGlobalSection
	GlobalSection(SolutionProperties) = preSolution
		HideSolutionNode = FALSE
	EndGlobalSection
	GlobalSection(ExtensibilityGlobals) = postSolution
		SolutionGuid = {E3265A56-C52B-427A-8936-5B6C98AE2FC8}
	EndGlobalSection
EndGlobal
